// !$*UTF8*$!
{
	archiveVersion = 1;
	classes = {
	};
	objectVersion = 46;
	objects = {

/* Begin PBXBuildFile section */
		8B6600191D5C1FB300D290D5 /* AppDelegate.swift in Sources */ = {isa = PBXBuildFile; fileRef = 8B6600181D5C1FB300D290D5 /* AppDelegate.swift */; };
		8B66001B1D5C1FB300D290D5 /* ViewController.swift in Sources */ = {isa = PBXBuildFile; fileRef = 8B66001A1D5C1FB300D290D5 /* ViewController.swift */; };
		8B66001E1D5C1FB300D290D5 /* Main.storyboard in Resources */ = {isa = PBXBuildFile; fileRef = 8B66001C1D5C1FB300D290D5 /* Main.storyboard */; };
		8B6600201D5C1FB300D290D5 /* Assets.xcassets in Resources */ = {isa = PBXBuildFile; fileRef = 8B66001F1D5C1FB300D290D5 /* Assets.xcassets */; };
		8B6600231D5C1FB300D290D5 /* LaunchScreen.storyboard in Resources */ = {isa = PBXBuildFile; fileRef = 8B6600211D5C1FB300D290D5 /* LaunchScreen.storyboard */; };
		8B66002E1D5C1FB300D290D5 /* SRProgressUITests.swift in Sources */ = {isa = PBXBuildFile; fileRef = 8B66002D1D5C1FB300D290D5 /* SRProgressUITests.swift */; };
		8B6600391D5C217F00D290D5 /* SRProgressView.swift in Sources */ = {isa = PBXBuildFile; fileRef = 8B6600381D5C217F00D290D5 /* SRProgressView.swift */; };
/* End PBXBuildFile section */

/* Begin PBXContainerItemProxy section */
		8B66002A1D5C1FB300D290D5 /* PBXContainerItemProxy */ = {
			isa = PBXContainerItemProxy;
			containerPortal = 8B66000D1D5C1FB300D290D5 /* Project object */;
			proxyType = 1;
			remoteGlobalIDString = 8B6600141D5C1FB300D290D5;
			remoteInfo = SRProgress;
		};
/* End PBXContainerItemProxy section */

/* Begin PBXFileReference section */
		8B6600151D5C1FB300D290D5 /* SRProgress.app */ = {isa = PBXFileReference; explicitFileType = wrapper.application; includeInIndex = 0; path = SRProgress.app; sourceTree = BUILT_PRODUCTS_DIR; };
		8B6600181D5C1FB300D290D5 /* AppDelegate.swift */ = {isa = PBXFileReference; lastKnownFileType = sourcecode.swift; path = AppDelegate.swift; sourceTree = "<group>"; };
		8B66001A1D5C1FB300D290D5 /* ViewController.swift */ = {isa = PBXFileReference; lastKnownFileType = sourcecode.swift; path = ViewController.swift; sourceTree = "<group>"; };
		8B66001D1D5C1FB300D290D5 /* Base */ = {isa = PBXFileReference; lastKnownFileType = file.storyboard; name = Base; path = Base.lproj/Main.storyboard; sourceTree = "<group>"; };
		8B66001F1D5C1FB300D290D5 /* Assets.xcassets */ = {isa = PBXFileReference; lastKnownFileType = folder.assetcatalog; path = Assets.xcassets; sourceTree = "<group>"; };
		8B6600221D5C1FB300D290D5 /* Base */ = {isa = PBXFileReference; lastKnownFileType = file.storyboard; name = Base; path = Base.lproj/LaunchScreen.storyboard; sourceTree = "<group>"; };
		8B6600241D5C1FB300D290D5 /* Info.plist */ = {isa = PBXFileReference; lastKnownFileType = text.plist.xml; path = Info.plist; sourceTree = "<group>"; };
		8B6600291D5C1FB300D290D5 /* SRProgressUITests.xctest */ = {isa = PBXFileReference; explicitFileType = wrapper.cfbundle; includeInIndex = 0; path = SRProgressUITests.xctest; sourceTree = BUILT_PRODUCTS_DIR; };
		8B66002D1D5C1FB300D290D5 /* SRProgressUITests.swift */ = {isa = PBXFileReference; lastKnownFileType = sourcecode.swift; path = SRProgressUITests.swift; sourceTree = "<group>"; };
		8B66002F1D5C1FB300D290D5 /* Info.plist */ = {isa = PBXFileReference; lastKnownFileType = text.plist.xml; path = Info.plist; sourceTree = "<group>"; };
		8B6600381D5C217F00D290D5 /* SRProgressView.swift */ = {isa = PBXFileReference; fileEncoding = 4; lastKnownFileType = sourcecode.swift; path = SRProgressView.swift; sourceTree = "<group>"; };
/* End PBXFileReference section */

/* Begin PBXFrameworksBuildPhase section */
		8B6600121D5C1FB300D290D5 /* Frameworks */ = {
			isa = PBXFrameworksBuildPhase;
			buildActionMask = 2147483647;
			files = (
			);
			runOnlyForDeploymentPostprocessing = 0;
		};
		8B6600261D5C1FB300D290D5 /* Frameworks */ = {
			isa = PBXFrameworksBuildPhase;
			buildActionMask = 2147483647;
			files = (
			);
			runOnlyForDeploymentPostprocessing = 0;
		};
/* End PBXFrameworksBuildPhase section */

/* Begin PBXGroup section */
		8B66000C1D5C1FB300D290D5 = {
			isa = PBXGroup;
			children = (
				8B6600171D5C1FB300D290D5 /* SRProgress */,
				8B66002C1D5C1FB300D290D5 /* SRProgressUITests */,
				8B6600161D5C1FB300D290D5 /* Products */,
			);
			sourceTree = "<group>";
		};
		8B6600161D5C1FB300D290D5 /* Products */ = {
			isa = PBXGroup;
			children = (
				8B6600151D5C1FB300D290D5 /* SRProgress.app */,
				8B6600291D5C1FB300D290D5 /* SRProgressUITests.xctest */,
			);
			name = Products;
			sourceTree = "<group>";
		};
		8B6600171D5C1FB300D290D5 /* SRProgress */ = {
			isa = PBXGroup;
			children = (
				8B6600181D5C1FB300D290D5 /* AppDelegate.swift */,
				8B66001A1D5C1FB300D290D5 /* ViewController.swift */,
				8B6600381D5C217F00D290D5 /* SRProgressView.swift */,
				8B66001C1D5C1FB300D290D5 /* Main.storyboard */,
				8B66001F1D5C1FB300D290D5 /* Assets.xcassets */,
				8B6600211D5C1FB300D290D5 /* LaunchScreen.storyboard */,
				8B6600241D5C1FB300D290D5 /* Info.plist */,
			);
			path = SRProgress;
			sourceTree = "<group>";
		};
		8B66002C1D5C1FB300D290D5 /* SRProgressUITests */ = {
			isa = PBXGroup;
			children = (
				8B66002D1D5C1FB300D290D5 /* SRProgressUITests.swift */,
				8B66002F1D5C1FB300D290D5 /* Info.plist */,
			);
			path = SRProgressUITests;
			sourceTree = "<group>";
		};
/* End PBXGroup section */

/* Begin PBXNativeTarget section */
		8B6600141D5C1FB300D290D5 /* SRProgress */ = {
			isa = PBXNativeTarget;
			buildConfigurationList = 8B6600321D5C1FB300D290D5 /* Build configuration list for PBXNativeTarget "SRProgress" */;
			buildPhases = (
				8B6600111D5C1FB300D290D5 /* Sources */,
				8B6600121D5C1FB300D290D5 /* Frameworks */,
				8B6600131D5C1FB300D290D5 /* Resources */,
			);
			buildRules = (
			);
			dependencies = (
			);
			name = SRProgress;
			productName = SRProgress;
			productReference = 8B6600151D5C1FB300D290D5 /* SRProgress.app */;
			productType = "com.apple.product-type.application";
		};
		8B6600281D5C1FB300D290D5 /* SRProgressUITests */ = {
			isa = PBXNativeTarget;
			buildConfigurationList = 8B6600351D5C1FB300D290D5 /* Build configuration list for PBXNativeTarget "SRProgressUITests" */;
			buildPhases = (
				8B6600251D5C1FB300D290D5 /* Sources */,
				8B6600261D5C1FB300D290D5 /* Frameworks */,
				8B6600271D5C1FB300D290D5 /* Resources */,
			);
			buildRules = (
			);
			dependencies = (
				8B66002B1D5C1FB300D290D5 /* PBXTargetDependency */,
			);
			name = SRProgressUITests;
			productName = SRProgressUITests;
			productReference = 8B6600291D5C1FB300D290D5 /* SRProgressUITests.xctest */;
			productType = "com.apple.product-type.bundle.ui-testing";
		};
/* End PBXNativeTarget section */

/* Begin PBXProject section */
		8B66000D1D5C1FB300D290D5 /* Project object */ = {
			isa = PBXProject;
			attributes = {
				LastSwiftUpdateCheck = 0720;
				LastUpgradeCheck = 0720;
				ORGANIZATIONNAME = Weapon;
				TargetAttributes = {
					8B6600141D5C1FB300D290D5 = {
						CreatedOnToolsVersion = 7.2.1;
					};
					8B6600281D5C1FB300D290D5 = {
						CreatedOnToolsVersion = 7.2.1;
						TestTargetID = 8B6600141D5C1FB300D290D5;
					};
				};
			};
			buildConfigurationList = 8B6600101D5C1FB300D290D5 /* Build configuration list for PBXProject "SRProgress" */;
			compatibilityVersion = "Xcode 3.2";
			developmentRegion = English;
			hasScannedForEncodings = 0;
			knownRegions = (
				en,
				Base,
			);
			mainGroup = 8B66000C1D5C1FB300D290D5;
			productRefGroup = 8B6600161D5C1FB300D290D5 /* Products */;
			projectDirPath = "";
			projectRoot = "";
			targets = (
				8B6600141D5C1FB300D290D5 /* SRProgress */,
				8B6600281D5C1FB300D290D5 /* SRProgressUITests */,
			);
		};
/* End PBXProject section */

/* Begin PBXResourcesBuildPhase section */
		8B6600131D5C1FB300D290D5 /* Resources */ = {
			isa = PBXResourcesBuildPhase;
			buildActionMask = 2147483647;
			files = (
				8B6600231D5C1FB300D290D5 /* LaunchScreen.storyboard in Resources */,
				8B6600201D5C1FB300D290D5 /* Assets.xcassets in Resources */,
				8B66001E1D5C1FB300D290D5 /* Main.storyboard in Resources */,
			);
			runOnlyForDeploymentPostprocessing = 0;
		};
		8B6600271D5C1FB300D290D5 /* Resources */ = {
			isa = PBXResourcesBuildPhase;
			buildActionMask = 2147483647;
			files = (
			);
			runOnlyForDeploymentPostprocessing = 0;
		};
/* End PBXResourcesBuildPhase section */

/* Begin PBXSourcesBuildPhase section */
		8B6600111D5C1FB300D290D5 /* Sources */ = {
			isa = PBXSourcesBuildPhase;
			buildActionMask = 2147483647;
			files = (
				8B66001B1D5C1FB300D290D5 /* ViewController.swift in Sources */,
				8B6600391D5C217F00D290D5 /* SRProgressView.swift in Sources */,
				8B6600191D5C1FB300D290D5 /* AppDelegate.swift in Sources */,
			);
			runOnlyForDeploymentPostprocessing = 0;
		};
		8B6600251D5C1FB300D290D5 /* Sources */ = {
			isa = PBXSourcesBuildPhase;
			buildActionMask = 2147483647;
			files = (
				8B66002E1D5C1FB300D290D5 /* SRProgressUITests.swift in Sources */,
			);
			runOnlyForDeploymentPostprocessing = 0;
		};
/* End PBXSourcesBuildPhase section */

/* Begin PBXTargetDependency section */
		8B66002B1D5C1FB300D290D5 /* PBXTargetDependency */ = {
			isa = PBXTargetDependency;
			target = 8B6600141D5C1FB300D290D5 /* SRProgress */;
			targetProxy = 8B66002A1D5C1FB300D290D5 /* PBXContainerItemProxy */;
		};
/* End PBXTargetDependency section */

/* Begin PBXVariantGroup section */
		8B66001C1D5C1FB300D290D5 /* Main.storyboard */ = {
			isa = PBXVariantGroup;
			children = (
				8B66001D1D5C1FB300D290D5 /* Base */,
			);
			name = Main.storyboard;
			sourceTree = "<group>";
		};
		8B6600211D5C1FB300D290D5 /* LaunchScreen.storyboard */ = {
			isa = PBXVariantGroup;
			children = (
				8B6600221D5C1FB300D290D5 /* Base */,
			);
			name = LaunchScreen.storyboard;
			sourceTree = "<group>";
		};
/* End PBXVariantGroup section */

/* Begin XCBuildConfiguration section */
		8B6600301D5C1FB300D290D5 /* Debug */ = {
			isa = XCBuildConfiguration;
			buildSettings = {
				ALWAYS_SEARCH_USER_PATHS = NO;
				CLANG_CXX_LANGUAGE_STANDARD = "gnu++0x";
				CLANG_CXX_LIBRARY = "libc++";
				CLANG_ENABLE_MODULES = YES;
				CLANG_ENABLE_OBJC_ARC = YES;
				CLANG_WARN_BOOL_CONVERSION = YES;
				CLANG_WARN_CONSTANT_CONVERSION = YES;
				CLANG_WARN_DIRECT_OBJC_ISA_USAGE = YES_ERROR;
				CLANG_WARN_EMPTY_BODY = YES;
				CLANG_WARN_ENUM_CONVERSION = YES;
				CLANG_WARN_INT_CONVERSION = YES;
				CLANG_WARN_OBJC_ROOT_CLASS = YES_ERROR;
				CLANG_WARN_UNREACHABLE_CODE = YES;
				CLANG_WARN__DUPLICATE_METHOD_MATCH = YES;
				"CODE_SIGN_IDENTITY[sdk=iphoneos*]" = "iPhone Developer";
				COPY_PHASE_STRIP = NO;
				DEBUG_INFORMATION_FORMAT = dwarf;
				ENABLE_STRICT_OBJC_MSGSEND = YES;
				ENABLE_TESTABILITY = YES;
				GCC_C_LANGUAGE_STANDARD = gnu99;
				GCC_DYNAMIC_NO_PIC = NO;
				GCC_NO_COMMON_BLOCKS = YES;
				GCC_OPTIMIZATION_LEVEL = 0;
				GCC_PREPROCESSOR_DEFINITIONS = (
					"DEBUG=1",
					"$(inherited)",
				);
				GCC_WARN_64_TO_32_BIT_CONVERSION = YES;
				GCC_WARN_ABOUT_RETURN_TYPE = YES_ERROR;
				GCC_WARN_UNDECLARED_SELECTOR = YES;
				GCC_WARN_UNINITIALIZED_AUTOS = YES_AGGRESSIVE;
				GCC_WARN_UNUSED_FUNCTION = YES;
				GCC_WARN_UNUSED_VARIABLE = YES;
				IPHONEOS_DEPLOYMENT_TARGET = 9.2;
				MTL_ENABLE_DEBUG_INFO = YES;
				ONLY_ACTIVE_ARCH = YES;
				SDKROOT = iphoneos;
				SWIFT_OPTIMIZATION_LEVEL = "-Onone";
			};
			name = Debug;
		};
		8B6600311D5C1FB300D290D5 /* Release */ = {
			isa = XCBuildConfiguration;
			buildSettings = {
				ALWAYS_SEARCH_USER_PATHS = NO;
				CLANG_CXX_LANGUAGE_STANDARD = "gnu++0x";
				CLANG_CXX_LIBRARY = "libc++";
				CLANG_ENABLE_MODULES = YES;
				CLANG_ENABLE_OBJC_ARC = YES;
				CLANG_WARN_BOOL_CONVERSION = YES;
				CLANG_WARN_CONSTANT_CONVERSION = YES;
				CLANG_WARN_DIRECT_OBJC_ISA_USAGE = YES_ERROR;
				CLANG_WARN_EMPTY_BODY = YES;
				CLANG_WARN_ENUM_CONVERSION = YES;
				CLANG_WARN_INT_CONVERSION = YES;
				CLANG_WARN_OBJC_ROOT_CLASS = YES_ERROR;
				CLANG_WARN_UNREACHABLE_CODE = YES;
				CLANG_WARN__DUPLICATE_METHOD_MATCH = YES;
				"CODE_SIGN_IDENTITY[sdk=iphoneos*]" = "iPhone Developer";
				COPY_PHASE_STRIP = NO;
				DEBUG_INFORMATION_FORMAT = "dwarf-with-dsym";
				ENABLE_NS_ASSERTIONS = NO;
				ENABLE_STRICT_OBJC_MSGSEND = YES;
				GCC_C_LANGUAGE_STANDARD = gnu99;
				GCC_NO_COMMON_BLOCKS = YES;
				GCC_WARN_64_TO_32_BIT_CONVERSION = YES;
				GCC_WARN_ABOUT_RETURN_TYPE = YES_ERROR;
				GCC_WARN_UNDECLARED_SELECTOR = YES;
				GCC_WARN_UNINITIALIZED_AUTOS = YES_AGGRESSIVE;
				GCC_WARN_UNUSED_FUNCTION = YES;
				GCC_WARN_UNUSED_VARIABLE = YES;
				IPHONEOS_DEPLOYMENT_TARGET = 9.2;
				MTL_ENABLE_DEBUG_INFO = NO;
				SDKROOT = iphoneos;
				VALIDATE_PRODUCT = YES;
			};
			name = Release;
		};
		8B6600331D5C1FB300D290D5 /* Debug */ = {
			isa = XCBuildConfiguration;
			buildSettings = {
				ASSETCATALOG_COMPILER_APPICON_NAME = AppIcon;
				INFOPLIST_FILE = SRProgress/Info.plist;
				LD_RUNPATH_SEARCH_PATHS = "$(inherited) @executable_path/Frameworks";
				PRODUCT_BUNDLE_IDENTIFIER = cwp.SRProgress;
				PRODUCT_NAME = "$(TARGET_NAME)";
			};
			name = Debug;
		};
		8B6600341D5C1FB300D290D5 /* Release */ = {
			isa = XCBuildConfiguration;
			buildSettings = {
				ASSETCATALOG_COMPILER_APPICON_NAME = AppIcon;
				INFOPLIST_FILE = SRProgress/Info.plist;
				LD_RUNPATH_SEARCH_PATHS = "$(inherited) @executable_path/Frameworks";
				PRODUCT_BUNDLE_IDENTIFIER = cwp.SRProgress;
				PRODUCT_NAME = "$(TARGET_NAME)";
			};
			name = Release;
		};
		8B6600361D5C1FB300D290D5 /* Debug */ = {
			isa = XCBuildConfiguration;
			buildSettings = {
				INFOPLIST_FILE = SRProgressUITests/Info.plist;
				LD_RUNPATH_SEARCH_PATHS = "$(inherited) @executable_path/Frameworks @loader_path/Frameworks";
				PRODUCT_BUNDLE_IDENTIFIER = cwp.SRProgressUITests;
				PRODUCT_NAME = "$(TARGET_NAME)";
				TEST_TARGET_NAME = SRProgress;
				USES_XCTRUNNER = YES;
			};
			name = Debug;
		};
		8B6600371D5C1FB300D290D5 /* Release */ = {
			isa = XCBuildConfiguration;
			buildSettings = {
				INFOPLIST_FILE = SRProgressUITests/Info.plist;
				LD_RUNPATH_SEARCH_PATHS = "$(inherited) @executable_path/Frameworks @loader_path/Frameworks";
				PRODUCT_BUNDLE_IDENTIFIER = cwp.SRProgressUITests;
				PRODUCT_NAME = "$(TARGET_NAME)";
				TEST_TARGET_NAME = SRProgress;
				USES_XCTRUNNER = YES;
			};
			name = Release;
		};
/* End XCBuildConfiguration section */

/* Begin XCConfigurationList section */
		8B6600101D5C1FB300D290D5 /* Build configuration list for PBXProject "SRProgress" */ = {
			isa = XCConfigurationList;
			buildConfigurations = (
				8B6600301D5C1FB300D290D5 /* Debug */,
				8B6600311D5C1FB300D290D5 /* Release */,
			);
			defaultConfigurationIsVisible = 0;
			defaultConfigurationName = Release;
		};
		8B6600321D5C1FB300D290D5 /* Build configuration list for PBXNativeTarget "SRProgress" */ = {
			isa = XCConfigurationList;
			buildConfigurations = (
				8B6600331D5C1FB300D290D5 /* Debug */,
				8B6600341D5C1FB300D290D5 /* Release */,
			);
			defaultConfigurationIsVisible = 0;
		};
		8B6600351D5C1FB300D290D5 /* Build configuration list for PBXNativeTarget "SRProgressUITests" */ = {
			isa = XCConfigurationList;
			buildConfigurations = (
				8B6600361D5C1FB300D290D5 /* Debug */,
				8B6600371D5C1FB300D290D5 /* Release */,
			);
			defaultConfigurationIsVisible = 0;
		};
/* End XCConfigurationList section */
	};
	rootObject = 8B66000D1D5C1FB300D290D5 /* Project object */;
}
